{
  "name": "use-package",
  "version": "1.0.0",
  "lockfileVersion": 3,
  "requires": true,
  "packages": {
    "": {
      "name": "use-package",
      "version": "1.0.0",
      "license": "ISC",
      "dependencies": {
        "@prafull-garg-08/private-package": "1.0.0"
      }
    },
    "node_modules/@prafull-garg-08/private-package": {
      "version": "1.0.0",
      "resolved": "https://npm.pkg.github.com/download/@prafull-garg-08/private-package/1.0.0/3d4e8e4a0cad4b0edc4730952dcaa5c0997c7afb",
      "integrity": "sha512-Zf1BQASSPgtTqJQhlWGzVD1ssIKNrYxXLOJj8SGx6NVLXmcUoB+msUpUEf9sznkoWxNWVnXPMnzI1TNzoGXknQ==",
      "license": "ISC"
    }
  }
}
